
Microsoft Visual Studio Solution File, Format Version 12.00
# Visual Studio Version 16
VisualStudioVersion = 16.0.29209.62
MinimumVisualStudioVersion = 10.0.40219.1
Project("{FAE04EC0-301F-11D3-BF4B-00C04F79EFBC}") = "MailSender", "MailSender.csproj", "{71C6C63E-EC2A-4C4B-B7E6-B7D6591A3D7B}"
EndProject
Project("{2150E333-8FDC-42A3-9474-1A3956D46DE8}") = "Tests", "Tests", "{B181C3C3-AE05-4674-9410-5764AC37F12B}"
EndProject
Project("{FAE04EC0-301F-11D3-BF4B-00C04F79EFBC}") = "MailSender.ConsoleTest", "..\MailSender.ConsoleTest\MailSender.ConsoleTest.csproj", "{02AD6862-A097-4C54-B0EB-1C7AF5C8FB3A}"
EndProject
Project("{FAE04EC0-301F-11D3-BF4B-00C04F79EFBC}") = "MailSender.WPFTest", "..\MailSender.WPFTest\MailSender.WPFTest.csproj", "{20D562F5-A148-431D-BE0C-F396786446D8}"
EndProject
Project("{FAE04EC0-301F-11D3-BF4B-00C04F79EFBC}") = "MailSender.lib", "..\MailSender.lib\MailSender.lib.csproj", "{E78CE7B0-B0D7-44CC-99E9-7F9755835A06}"
EndProject
Global
	GlobalSection(SolutionConfigurationPlatforms) = preSolution
		Debug|Any CPU = Debug|Any CPU
		Release|Any CPU = Release|Any CPU
	EndGlobalSection
	GlobalSection(ProjectConfigurationPlatforms) = postSolution
		{71C6C63E-EC2A-4C4B-B7E6-B7D6591A3D7B}.Debug|Any CPU.ActiveCfg = Debug|Any CPU
		{71C6C63E-EC2A-4C4B-B7E6-B7D6591A3D7B}.Debug|Any CPU.Build.0 = Debug|Any CPU
		{71C6C63E-EC2A-4C4B-B7E6-B7D6591A3D7B}.Release|Any CPU.ActiveCfg = Release|Any CPU
		{71C6C63E-EC2A-4C4B-B7E6-B7D6591A3D7B}.Release|Any CPU.Build.0 = Release|Any CPU
		{02AD6862-A097-4C54-B0EB-1C7AF5C8FB3A}.Debug|Any CPU.ActiveCfg = Debug|Any CPU
		{02AD6862-A097-4C54-B0EB-1C7AF5C8FB3A}.Debug|Any CPU.Build.0 = Debug|Any CPU
		{02AD6862-A097-4C54-B0EB-1C7AF5C8FB3A}.Release|Any CPU.ActiveCfg = Release|Any CPU
		{02AD6862-A097-4C54-B0EB-1C7AF5C8FB3A}.Release|Any CPU.Build.0 = Release|Any CPU
		{20D562F5-A148-431D-BE0C-F396786446D8}.Debug|Any CPU.ActiveCfg = Debug|Any CPU
		{20D562F5-A148-431D-BE0C-F396786446D8}.Debug|Any CPU.Build.0 = Debug|Any CPU
		{20D562F5-A148-431D-BE0C-F396786446D8}.Release|Any CPU.ActiveCfg = Release|Any CPU
		{20D562F5-A148-431D-BE0C-F396786446D8}.Release|Any CPU.Build.0 = Release|Any CPU
		{E78CE7B0-B0D7-44CC-99E9-7F9755835A06}.Debug|Any CPU.ActiveCfg = Debug|Any CPU
		{E78CE7B0-B0D7-44CC-99E9-7F9755835A06}.Debug|Any CPU.Build.0 = Debug|Any CPU
		{E78CE7B0-B0D7-44CC-99E9-7F9755835A06}.Release|Any CPU.ActiveCfg = Release|Any CPU
		{E78CE7B0-B0D7-44CC-99E9-7F9755835A06}.Release|Any CPU.Build.0 = Release|Any CPU
	EndGlobalSection
	GlobalSection(SolutionProperties) = preSolution
		HideSolutionNode = FALSE
	EndGlobalSection
	GlobalSection(NestedProjects) = preSolution
		{02AD6862-A097-4C54-B0EB-1C7AF5C8FB3A} = {B181C3C3-AE05-4674-9410-5764AC37F12B}
		{20D562F5-A148-431D-BE0C-F396786446D8} = {B181C3C3-AE05-4674-9410-5764AC37F12B}
	EndGlobalSection
	GlobalSection(ExtensibilityGlobals) = postSolution
		SolutionGuid = {0D0F3D11-DB20-4557-9AB8-08AA7B6EFE00}
	EndGlobalSection
EndGlobal
